// !$*UTF8*$!
{
	archiveVersion = 1;
	classes = {
	};
	objectVersion = 51;
	objects = {

/* Begin PBXBuildFile section */
		5710DC9624EF143700A714EE /* AppDelegate.swift in Sources */ = {isa = PBXBuildFile; fileRef = 5710DC9524EF143700A714EE /* AppDelegate.swift */; };
		5710DC9A24EF143700A714EE /* ViewController.swift in Sources */ = {isa = PBXBuildFile; fileRef = 5710DC9924EF143700A714EE /* ViewController.swift */; };
		5710DC9D24EF143800A714EE /* Main.storyboard in Resources */ = {isa = PBXBuildFile; fileRef = 5710DC9B24EF143800A714EE /* Main.storyboard */; };
		5710DCA224EF143A00A714EE /* LaunchScreen.storyboard in Resources */ = {isa = PBXBuildFile; fileRef = 5710DCA024EF143A00A714EE /* LaunchScreen.storyboard */; };
		571B117524F6620900870141 /* Assets.xcassets in Resources */ = {isa = PBXBuildFile; fileRef = 571B117424F6620900870141 /* Assets.xcassets */; };
		571B118624F6A84A00870141 /* LikesVC.swift in Sources */ = {isa = PBXBuildFile; fileRef = 571B118524F6A84A00870141 /* LikesVC.swift */; };
		571B118824F6B26400870141 /* CollectionViewCell.swift in Sources */ = {isa = PBXBuildFile; fileRef = 571B118724F6B26400870141 /* CollectionViewCell.swift */; };
		5721D80F24F7C01E00CBA49B /* CardsVC.swift in Sources */ = {isa = PBXBuildFile; fileRef = 5721D80E24F7C01E00CBA49B /* CardsVC.swift */; };
		5721D81524F7DA6600CBA49B /* InfoCell.swift in Sources */ = {isa = PBXBuildFile; fileRef = 5721D81424F7DA6600CBA49B /* InfoCell.swift */; };
		5721D81B24F830FE00CBA49B /* MainFotoCell.swift in Sources */ = {isa = PBXBuildFile; fileRef = 5721D81A24F830FE00CBA49B /* MainFotoCell.swift */; };
		5721D81D24F8421700CBA49B /* AboutMeCell.swift in Sources */ = {isa = PBXBuildFile; fileRef = 5721D81C24F8421700CBA49B /* AboutMeCell.swift */; };
		5721D81F24F849FB00CBA49B /* FirstQuestionCell.swift in Sources */ = {isa = PBXBuildFile; fileRef = 5721D81E24F849FB00CBA49B /* FirstQuestionCell.swift */; };
		5721D82124F84F8200CBA49B /* FirstFotoCell.swift in Sources */ = {isa = PBXBuildFile; fileRef = 5721D82024F84F8200CBA49B /* FirstFotoCell.swift */; };
		5721D82324F8521900CBA49B /* SecondQuestionCell.swift in Sources */ = {isa = PBXBuildFile; fileRef = 5721D82224F8521900CBA49B /* SecondQuestionCell.swift */; };
		5721D82524F852F500CBA49B /* ThirdQuestionCell.swift in Sources */ = {isa = PBXBuildFile; fileRef = 5721D82424F852F500CBA49B /* ThirdQuestionCell.swift */; };
		5721D82724F8544E00CBA49B /* ButtonCell.swift in Sources */ = {isa = PBXBuildFile; fileRef = 5721D82624F8544E00CBA49B /* ButtonCell.swift */; };
		5726B3E024F509BA00A4DE2A /* SectionView.swift in Sources */ = {isa = PBXBuildFile; fileRef = 5726B3DF24F509BA00A4DE2A /* SectionView.swift */; };
		575D362524FEA5CD00E37683 /* InfoView.swift in Sources */ = {isa = PBXBuildFile; fileRef = 575D362424FEA5CD00E37683 /* InfoView.swift */; };
		579C9B6124EFE98C00D88A19 /* SettingsTableViewCell.swift in Sources */ = {isa = PBXBuildFile; fileRef = 579C9B6024EFE98C00D88A19 /* SettingsTableViewCell.swift */; };
		579C9B8324F402F500D88A19 /* Settings.swift in Sources */ = {isa = PBXBuildFile; fileRef = 579C9B8224F402F500D88A19 /* Settings.swift */; };
		579C9B8524F4043000D88A19 /* Constants.swift in Sources */ = {isa = PBXBuildFile; fileRef = 579C9B8424F4043000D88A19 /* Constants.swift */; };
		57A6D3FC24F56326006E6CFE /* R.generated.swift in Sources */ = {isa = PBXBuildFile; fileRef = 57A6D3FB24F56325006E6CFE /* R.generated.swift */; };
		57D8C85C24F7A33000BDAFA8 /* PinterestLayout in Resources */ = {isa = PBXBuildFile; fileRef = 57D8C85B24F7A32F00BDAFA8 /* PinterestLayout */; };
		94D5EF8DEDF12ABB14D31412 /* Pods_Test.framework in Frameworks */ = {isa = PBXBuildFile; fileRef = 782E180B6A05A752F09CAF3E /* Pods_Test.framework */; };
		D4B447ED24F440EC009C049E /* SettingsView.swift in Sources */ = {isa = PBXBuildFile; fileRef = D4B447EC24F440EC009C049E /* SettingsView.swift */; };
/* End PBXBuildFile section */

/* Begin PBXFileReference section */
		313E143D37A9D081012C7C7F /* Pods-Test.debug.xcconfig */ = {isa = PBXFileReference; includeInIndex = 1; lastKnownFileType = text.xcconfig; name = "Pods-Test.debug.xcconfig"; path = "Target Support Files/Pods-Test/Pods-Test.debug.xcconfig"; sourceTree = "<group>"; };
		5710DC9224EF143700A714EE /* Test.app */ = {isa = PBXFileReference; explicitFileType = wrapper.application; includeInIndex = 0; path = Test.app; sourceTree = BUILT_PRODUCTS_DIR; };
		5710DC9524EF143700A714EE /* AppDelegate.swift */ = {isa = PBXFileReference; lastKnownFileType = sourcecode.swift; path = AppDelegate.swift; sourceTree = "<group>"; };
		5710DC9924EF143700A714EE /* ViewController.swift */ = {isa = PBXFileReference; lastKnownFileType = sourcecode.swift; path = ViewController.swift; sourceTree = "<group>"; };
		5710DC9C24EF143800A714EE /* Base */ = {isa = PBXFileReference; lastKnownFileType = file.storyboard; name = Base; path = Base.lproj/Main.storyboard; sourceTree = "<group>"; };
		5710DCA124EF143A00A714EE /* Base */ = {isa = PBXFileReference; lastKnownFileType = file.storyboard; name = Base; path = Base.lproj/LaunchScreen.storyboard; sourceTree = "<group>"; };
		5710DCA324EF143A00A714EE /* Info.plist */ = {isa = PBXFileReference; lastKnownFileType = text.plist.xml; path = Info.plist; sourceTree = "<group>"; };
		571B117424F6620900870141 /* Assets.xcassets */ = {isa = PBXFileReference; lastKnownFileType = folder.assetcatalog; path = Assets.xcassets; sourceTree = "<group>"; };
		571B118524F6A84A00870141 /* LikesVC.swift */ = {isa = PBXFileReference; lastKnownFileType = sourcecode.swift; path = LikesVC.swift; sourceTree = "<group>"; };
		571B118724F6B26400870141 /* CollectionViewCell.swift */ = {isa = PBXFileReference; lastKnownFileType = sourcecode.swift; path = CollectionViewCell.swift; sourceTree = "<group>"; };
		5721D80E24F7C01E00CBA49B /* CardsVC.swift */ = {isa = PBXFileReference; lastKnownFileType = sourcecode.swift; path = CardsVC.swift; sourceTree = "<group>"; };
		5721D81424F7DA6600CBA49B /* InfoCell.swift */ = {isa = PBXFileReference; lastKnownFileType = sourcecode.swift; path = InfoCell.swift; sourceTree = "<group>"; };
		5721D81A24F830FE00CBA49B /* MainFotoCell.swift */ = {isa = PBXFileReference; lastKnownFileType = sourcecode.swift; path = MainFotoCell.swift; sourceTree = "<group>"; };
		5721D81C24F8421700CBA49B /* AboutMeCell.swift */ = {isa = PBXFileReference; lastKnownFileType = sourcecode.swift; path = AboutMeCell.swift; sourceTree = "<group>"; };
		5721D81E24F849FB00CBA49B /* FirstQuestionCell.swift */ = {isa = PBXFileReference; lastKnownFileType = sourcecode.swift; path = FirstQuestionCell.swift; sourceTree = "<group>"; };
		5721D82024F84F8200CBA49B /* FirstFotoCell.swift */ = {isa = PBXFileReference; lastKnownFileType = sourcecode.swift; path = FirstFotoCell.swift; sourceTree = "<group>"; };
		5721D82224F8521900CBA49B /* SecondQuestionCell.swift */ = {isa = PBXFileReference; lastKnownFileType = sourcecode.swift; path = SecondQuestionCell.swift; sourceTree = "<group>"; };
		5721D82424F852F500CBA49B /* ThirdQuestionCell.swift */ = {isa = PBXFileReference; lastKnownFileType = sourcecode.swift; path = ThirdQuestionCell.swift; sourceTree = "<group>"; };
		5721D82624F8544E00CBA49B /* ButtonCell.swift */ = {isa = PBXFileReference; lastKnownFileType = sourcecode.swift; path = ButtonCell.swift; sourceTree = "<group>"; };
		5726B3DF24F509BA00A4DE2A /* SectionView.swift */ = {isa = PBXFileReference; lastKnownFileType = sourcecode.swift; path = SectionView.swift; sourceTree = "<group>"; };
		575D362424FEA5CD00E37683 /* InfoView.swift */ = {isa = PBXFileReference; lastKnownFileType = sourcecode.swift; path = InfoView.swift; sourceTree = "<group>"; };
		579C9B6024EFE98C00D88A19 /* SettingsTableViewCell.swift */ = {isa = PBXFileReference; lastKnownFileType = sourcecode.swift; path = SettingsTableViewCell.swift; sourceTree = "<group>"; };
		579C9B8224F402F500D88A19 /* Settings.swift */ = {isa = PBXFileReference; lastKnownFileType = sourcecode.swift; path = Settings.swift; sourceTree = "<group>"; };
		579C9B8424F4043000D88A19 /* Constants.swift */ = {isa = PBXFileReference; lastKnownFileType = sourcecode.swift; path = Constants.swift; sourceTree = "<group>"; };
		57A6D3FB24F56325006E6CFE /* R.generated.swift */ = {isa = PBXFileReference; fileEncoding = 4; lastKnownFileType = sourcecode.swift; path = R.generated.swift; sourceTree = "<group>"; };
		57D8C85B24F7A32F00BDAFA8 /* PinterestLayout */ = {isa = PBXFileReference; lastKnownFileType = folder; path = PinterestLayout; sourceTree = "<group>"; };
		782E180B6A05A752F09CAF3E /* Pods_Test.framework */ = {isa = PBXFileReference; explicitFileType = wrapper.framework; includeInIndex = 0; path = Pods_Test.framework; sourceTree = BUILT_PRODUCTS_DIR; };
		96A64E18520107659AA4163C /* Pods-Test.release.xcconfig */ = {isa = PBXFileReference; includeInIndex = 1; lastKnownFileType = text.xcconfig; name = "Pods-Test.release.xcconfig"; path = "Target Support Files/Pods-Test/Pods-Test.release.xcconfig"; sourceTree = "<group>"; };
		D4B447EC24F440EC009C049E /* SettingsView.swift */ = {isa = PBXFileReference; lastKnownFileType = sourcecode.swift; path = SettingsView.swift; sourceTree = "<group>"; };
/* End PBXFileReference section */

/* Begin PBXFrameworksBuildPhase section */
		5710DC8F24EF143700A714EE /* Frameworks */ = {
			isa = PBXFrameworksBuildPhase;
			buildActionMask = 2147483647;
			files = (
				94D5EF8DEDF12ABB14D31412 /* Pods_Test.framework in Frameworks */,
			);
			runOnlyForDeploymentPostprocessing = 0;
		};
/* End PBXFrameworksBuildPhase section */

/* Begin PBXGroup section */
		5710DC8924EF143700A714EE = {
			isa = PBXGroup;
			children = (
				5710DC9424EF143700A714EE /* Test */,
				5710DC9324EF143700A714EE /* Products */,
				F24C45F4916EC3968E2BC3B7 /* Pods */,
				CD9A6BACD891A70F40A7109B /* Frameworks */,
			);
			sourceTree = "<group>";
		};
		5710DC9324EF143700A714EE /* Products */ = {
			isa = PBXGroup;
			children = (
				5710DC9224EF143700A714EE /* Test.app */,
			);
			name = Products;
			sourceTree = "<group>";
		};
		5710DC9424EF143700A714EE /* Test */ = {
			isa = PBXGroup;
			children = (
				5761ECAE24F7A273007EA9CA /* Cards */,
				57FA934724F64D06004E35C5 /* Likes */,
				D4B447E924F440D2009C049E /* Settings */,
				5710DC9524EF143700A714EE /* AppDelegate.swift */,
				57A6D3FB24F56325006E6CFE /* R.generated.swift */,
				571B117424F6620900870141 /* Assets.xcassets */,
				5710DC9B24EF143800A714EE /* Main.storyboard */,
				5710DCA024EF143A00A714EE /* LaunchScreen.storyboard */,
				5710DCA324EF143A00A714EE /* Info.plist */,
				57D8C85B24F7A32F00BDAFA8 /* PinterestLayout */,
			);
			path = Test;
			sourceTree = "<group>";
		};
		5761ECAE24F7A273007EA9CA /* Cards */ = {
			isa = PBXGroup;
			children = (
				5721D80E24F7C01E00CBA49B /* CardsVC.swift */,
				5721D81A24F830FE00CBA49B /* MainFotoCell.swift */,
				5721D81C24F8421700CBA49B /* AboutMeCell.swift */,
				5721D81424F7DA6600CBA49B /* InfoCell.swift */,
				575D362424FEA5CD00E37683 /* InfoView.swift */,
				5721D81E24F849FB00CBA49B /* FirstQuestionCell.swift */,
				5721D82224F8521900CBA49B /* SecondQuestionCell.swift */,
				5721D82424F852F500CBA49B /* ThirdQuestionCell.swift */,
				5721D82024F84F8200CBA49B /* FirstFotoCell.swift */,
				5721D82624F8544E00CBA49B /* ButtonCell.swift */,
			);
			path = Cards;
			sourceTree = "<group>";
		};
		57FA934724F64D06004E35C5 /* Likes */ = {
			isa = PBXGroup;
			children = (
				571B118524F6A84A00870141 /* LikesVC.swift */,
				571B118724F6B26400870141 /* CollectionViewCell.swift */,
			);
			path = Likes;
			sourceTree = "<group>";
		};
		CD9A6BACD891A70F40A7109B /* Frameworks */ = {
			isa = PBXGroup;
			children = (
				782E180B6A05A752F09CAF3E /* Pods_Test.framework */,
			);
			name = Frameworks;
			sourceTree = "<group>";
		};
		D4B447E924F440D2009C049E /* Settings */ = {
			isa = PBXGroup;
			children = (
				D4B447EB24F440E1009C049E /* view */,
				D4B447EA24F440DB009C049E /* vc */,
				579C9B8224F402F500D88A19 /* Settings.swift */,
				579C9B8424F4043000D88A19 /* Constants.swift */,
			);
			path = Settings;
			sourceTree = "<group>";
		};
		D4B447EA24F440DB009C049E /* vc */ = {
			isa = PBXGroup;
			children = (
				5710DC9924EF143700A714EE /* ViewController.swift */,
			);
			path = vc;
			sourceTree = "<group>";
		};
		D4B447EB24F440E1009C049E /* view */ = {
			isa = PBXGroup;
			children = (
				D4B447EC24F440EC009C049E /* SettingsView.swift */,
				579C9B6024EFE98C00D88A19 /* SettingsTableViewCell.swift */,
				5726B3DF24F509BA00A4DE2A /* SectionView.swift */,
			);
			path = view;
			sourceTree = "<group>";
		};
		F24C45F4916EC3968E2BC3B7 /* Pods */ = {
			isa = PBXGroup;
			children = (
				313E143D37A9D081012C7C7F /* Pods-Test.debug.xcconfig */,
				96A64E18520107659AA4163C /* Pods-Test.release.xcconfig */,
			);
			path = Pods;
			sourceTree = "<group>";
		};
/* End PBXGroup section */

/* Begin PBXNativeTarget section */
		5710DC9124EF143700A714EE /* Test */ = {
			isa = PBXNativeTarget;
			buildConfigurationList = 5710DCA624EF143A00A714EE /* Build configuration list for PBXNativeTarget "Test" */;
			buildPhases = (
				FEC28E1990742066E430F611 /* [CP] Check Pods Manifest.lock */,
				57A6D3FA24F56146006E6CFE /* ShellScript */,
				5710DC8E24EF143700A714EE /* Sources */,
				5710DC8F24EF143700A714EE /* Frameworks */,
				5710DC9024EF143700A714EE /* Resources */,
				7836A86148B1A0A382381CF8 /* [CP] Embed Pods Frameworks */,
			);
			buildRules = (
			);
			dependencies = (
			);
			name = Test;
			productName = Test;
			productReference = 5710DC9224EF143700A714EE /* Test.app */;
			productType = "com.apple.product-type.application";
		};
/* End PBXNativeTarget section */

/* Begin PBXProject section */
		5710DC8A24EF143700A714EE /* Project object */ = {
			isa = PBXProject;
			attributes = {
				LastSwiftUpdateCheck = 1160;
				LastUpgradeCheck = 1160;
				ORGANIZATIONNAME = "Taisiya V";
				TargetAttributes = {
					5710DC9124EF143700A714EE = {
						CreatedOnToolsVersion = 11.6;
					};
				};
			};
			buildConfigurationList = 5710DC8D24EF143700A714EE /* Build configuration list for PBXProject "Test" */;
			compatibilityVersion = "Xcode 9.3";
			developmentRegion = en;
			hasScannedForEncodings = 0;
			knownRegions = (
				en,
				Base,
			);
			mainGroup = 5710DC8924EF143700A714EE;
			productRefGroup = 5710DC9324EF143700A714EE /* Products */;
			projectDirPath = "";
			projectRoot = "";
			targets = (
				5710DC9124EF143700A714EE /* Test */,
			);
		};
/* End PBXProject section */

/* Begin PBXResourcesBuildPhase section */
		5710DC9024EF143700A714EE /* Resources */ = {
			isa = PBXResourcesBuildPhase;
			buildActionMask = 2147483647;
			files = (
				5710DCA224EF143A00A714EE /* LaunchScreen.storyboard in Resources */,
				571B117524F6620900870141 /* Assets.xcassets in Resources */,
				5710DC9D24EF143800A714EE /* Main.storyboard in Resources */,
				57D8C85C24F7A33000BDAFA8 /* PinterestLayout in Resources */,
			);
			runOnlyForDeploymentPostprocessing = 0;
		};
/* End PBXResourcesBuildPhase section */

/* Begin PBXShellScriptBuildPhase section */
		57A6D3FA24F56146006E6CFE /* ShellScript */ = {
			isa = PBXShellScriptBuildPhase;
			buildActionMask = 2147483647;
			files = (
			);
			inputFileListPaths = (
			);
			inputPaths = (
				"$TEMP_DIR/rswift-lastrun",
			);
			outputFileListPaths = (
			);
			outputPaths = (
				$SRCROOT/R.generated.swift,
			);
			runOnlyForDeploymentPostprocessing = 0;
			shellPath = /bin/sh;
			shellScript = "# Type a script or drag a script file from your workspace to insert its path.\n\"$PODS_ROOT/R.swift/rswift\" generate \"$SRCROOT/R.generated.swift\"\n";
		};
		7836A86148B1A0A382381CF8 /* [CP] Embed Pods Frameworks */ = {
			isa = PBXShellScriptBuildPhase;
			buildActionMask = 2147483647;
			files = (
			);
			inputFileListPaths = (
				"${PODS_ROOT}/Target Support Files/Pods-Test/Pods-Test-frameworks-${CONFIGURATION}-input-files.xcfilelist",
			);
			name = "[CP] Embed Pods Frameworks";
			outputFileListPaths = (
				"${PODS_ROOT}/Target Support Files/Pods-Test/Pods-Test-frameworks-${CONFIGURATION}-output-files.xcfilelist",
			);
			runOnlyForDeploymentPostprocessing = 0;
			shellPath = /bin/sh;
			shellScript = "\"${PODS_ROOT}/Target Support Files/Pods-Test/Pods-Test-frameworks.sh\"\n";
			showEnvVarsInLog = 0;
		};
		FEC28E1990742066E430F611 /* [CP] Check Pods Manifest.lock */ = {
			isa = PBXShellScriptBuildPhase;
			buildActionMask = 2147483647;
			files = (
			);
			inputFileListPaths = (
			);
			inputPaths = (
				"${PODS_PODFILE_DIR_PATH}/Podfile.lock",
				"${PODS_ROOT}/Manifest.lock",
			);
			name = "[CP] Check Pods Manifest.lock";
			outputFileListPaths = (
			);
			outputPaths = (
				"$(DERIVED_FILE_DIR)/Pods-Test-checkManifestLockResult.txt",
			);
			runOnlyForDeploymentPostprocessing = 0;
			shellPath = /bin/sh;
			shellScript = "diff \"${PODS_PODFILE_DIR_PATH}/Podfile.lock\" \"${PODS_ROOT}/Manifest.lock\" > /dev/null\nif [ $? != 0 ] ; then\n    # print error to STDERR\n    echo \"error: The sandbox is not in sync with the Podfile.lock. Run 'pod install' or update your CocoaPods installation.\" >&2\n    exit 1\nfi\n# This output is used by Xcode 'outputs' to avoid re-running this script phase.\necho \"SUCCESS\" > \"${SCRIPT_OUTPUT_FILE_0}\"\n";
			showEnvVarsInLog = 0;
		};
/* End PBXShellScriptBuildPhase section */

/* Begin PBXSourcesBuildPhase section */
		5710DC8E24EF143700A714EE /* Sources */ = {
			isa = PBXSourcesBuildPhase;
			buildActionMask = 2147483647;
			files = (
				5721D82324F8521900CBA49B /* SecondQuestionCell.swift in Sources */,
				D4B447ED24F440EC009C049E /* SettingsView.swift in Sources */,
				5721D81D24F8421700CBA49B /* AboutMeCell.swift in Sources */,
				5710DC9A24EF143700A714EE /* ViewController.swift in Sources */,
				5721D81F24F849FB00CBA49B /* FirstQuestionCell.swift in Sources */,
				57A6D3FC24F56326006E6CFE /* R.generated.swift in Sources */,
				5710DC9624EF143700A714EE /* AppDelegate.swift in Sources */,
				579C9B6124EFE98C00D88A19 /* SettingsTableViewCell.swift in Sources */,
				575D362524FEA5CD00E37683 /* InfoView.swift in Sources */,
				571B118624F6A84A00870141 /* LikesVC.swift in Sources */,
				5726B3E024F509BA00A4DE2A /* SectionView.swift in Sources */,
				579C9B8324F402F500D88A19 /* Settings.swift in Sources */,
				5721D80F24F7C01E00CBA49B /* CardsVC.swift in Sources */,
				5721D82724F8544E00CBA49B /* ButtonCell.swift in Sources */,
				579C9B8524F4043000D88A19 /* Constants.swift in Sources */,
				571B118824F6B26400870141 /* CollectionViewCell.swift in Sources */,
				5721D81B24F830FE00CBA49B /* MainFotoCell.swift in Sources */,
				5721D82124F84F8200CBA49B /* FirstFotoCell.swift in Sources */,
				5721D81524F7DA6600CBA49B /* InfoCell.swift in Sources */,
				5721D82524F852F500CBA49B /* ThirdQuestionCell.swift in Sources */,
			);
			runOnlyForDeploymentPostprocessing = 0;
		};
/* End PBXSourcesBuildPhase section */

/* Begin PBXVariantGroup section */
		5710DC9B24EF143800A714EE /* Main.storyboard */ = {
			isa = PBXVariantGroup;
			children = (
				5710DC9C24EF143800A714EE /* Base */,
			);
			name = Main.storyboard;
			sourceTree = "<group>";
		};
		5710DCA024EF143A00A714EE /* LaunchScreen.storyboard */ = {
			isa = PBXVariantGroup;
			children = (
				5710DCA124EF143A00A714EE /* Base */,
			);
			name = LaunchScreen.storyboard;
			sourceTree = "<group>";
		};
/* End PBXVariantGroup section */

/* Begin XCBuildConfiguration section */
		5710DCA424EF143A00A714EE /* Debug */ = {
			isa = XCBuildConfiguration;
			buildSettings = {
				ALWAYS_SEARCH_USER_PATHS = NO;
				CLANG_ANALYZER_NONNULL = YES;
				CLANG_ANALYZER_NUMBER_OBJECT_CONVERSION = YES_AGGRESSIVE;
				CLANG_CXX_LANGUAGE_STANDARD = "gnu++14";
				CLANG_CXX_LIBRARY = "libc++";
				CLANG_ENABLE_MODULES = YES;
				CLANG_ENABLE_OBJC_ARC = YES;
				CLANG_ENABLE_OBJC_WEAK = YES;
				CLANG_WARN_BLOCK_CAPTURE_AUTORELEASING = YES;
				CLANG_WARN_BOOL_CONVERSION = YES;
				CLANG_WARN_COMMA = YES;
				CLANG_WARN_CONSTANT_CONVERSION = YES;
				CLANG_WARN_DEPRECATED_OBJC_IMPLEMENTATIONS = YES;
				CLANG_WARN_DIRECT_OBJC_ISA_USAGE = YES_ERROR;
				CLANG_WARN_DOCUMENTATION_COMMENTS = YES;
				CLANG_WARN_EMPTY_BODY = YES;
				CLANG_WARN_ENUM_CONVERSION = YES;
				CLANG_WARN_INFINITE_RECURSION = YES;
				CLANG_WARN_INT_CONVERSION = YES;
				CLANG_WARN_NON_LITERAL_NULL_CONVERSION = YES;
				CLANG_WARN_OBJC_IMPLICIT_RETAIN_SELF = YES;
				CLANG_WARN_OBJC_LITERAL_CONVERSION = YES;
				CLANG_WARN_OBJC_ROOT_CLASS = YES_ERROR;
				CLANG_WARN_RANGE_LOOP_ANALYSIS = YES;
				CLANG_WARN_STRICT_PROTOTYPES = YES;
				CLANG_WARN_SUSPICIOUS_MOVE = YES;
				CLANG_WARN_UNGUARDED_AVAILABILITY = YES_AGGRESSIVE;
				CLANG_WARN_UNREACHABLE_CODE = YES;
				CLANG_WARN__DUPLICATE_METHOD_MATCH = YES;
				COPY_PHASE_STRIP = NO;
				DEBUG_INFORMATION_FORMAT = dwarf;
				ENABLE_STRICT_OBJC_MSGSEND = YES;
				ENABLE_TESTABILITY = YES;
				GCC_C_LANGUAGE_STANDARD = gnu11;
				GCC_DYNAMIC_NO_PIC = NO;
				GCC_NO_COMMON_BLOCKS = YES;
				GCC_OPTIMIZATION_LEVEL = 0;
				GCC_PREPROCESSOR_DEFINITIONS = (
					"DEBUG=1",
					"$(inherited)",
				);
				GCC_WARN_64_TO_32_BIT_CONVERSION = YES;
				GCC_WARN_ABOUT_RETURN_TYPE = YES_ERROR;
				GCC_WARN_UNDECLARED_SELECTOR = YES;
				GCC_WARN_UNINITIALIZED_AUTOS = YES_AGGRESSIVE;
				GCC_WARN_UNUSED_FUNCTION = YES;
				GCC_WARN_UNUSED_VARIABLE = YES;
				IPHONEOS_DEPLOYMENT_TARGET = 12.0;
				MTL_ENABLE_DEBUG_INFO = INCLUDE_SOURCE;
				MTL_FAST_MATH = YES;
				ONLY_ACTIVE_ARCH = YES;
				SDKROOT = iphoneos;
				SWIFT_ACTIVE_COMPILATION_CONDITIONS = DEBUG;
				SWIFT_OPTIMIZATION_LEVEL = "-Onone";
			};
			name = Debug;
		};
		5710DCA524EF143A00A714EE /* Release */ = {
			isa = XCBuildConfiguration;
			buildSettings = {
				ALWAYS_SEARCH_USER_PATHS = NO;
				CLANG_ANALYZER_NONNULL = YES;
				CLANG_ANALYZER_NUMBER_OBJECT_CONVERSION = YES_AGGRESSIVE;
				CLANG_CXX_LANGUAGE_STANDARD = "gnu++14";
				CLANG_CXX_LIBRARY = "libc++";
				CLANG_ENABLE_MODULES = YES;
				CLANG_ENABLE_OBJC_ARC = YES;
				CLANG_ENABLE_OBJC_WEAK = YES;
				CLANG_WARN_BLOCK_CAPTURE_AUTORELEASING = YES;
				CLANG_WARN_BOOL_CONVERSION = YES;
				CLANG_WARN_COMMA = YES;
				CLANG_WARN_CONSTANT_CONVERSION = YES;
				CLANG_WARN_DEPRECATED_OBJC_IMPLEMENTATIONS = YES;
				CLANG_WARN_DIRECT_OBJC_ISA_USAGE = YES_ERROR;
				CLANG_WARN_DOCUMENTATION_COMMENTS = YES;
				CLANG_WARN_EMPTY_BODY = YES;
				CLANG_WARN_ENUM_CONVERSION = YES;
				CLANG_WARN_INFINITE_RECURSION = YES;
				CLANG_WARN_INT_CONVERSION = YES;
				CLANG_WARN_NON_LITERAL_NULL_CONVERSION = YES;
				CLANG_WARN_OBJC_IMPLICIT_RETAIN_SELF = YES;
				CLANG_WARN_OBJC_LITERAL_CONVERSION = YES;
				CLANG_WARN_OBJC_ROOT_CLASS = YES_ERROR;
				CLANG_WARN_RANGE_LOOP_ANALYSIS = YES;
				CLANG_WARN_STRICT_PROTOTYPES = YES;
				CLANG_WARN_SUSPICIOUS_MOVE = YES;
				CLANG_WARN_UNGUARDED_AVAILABILITY = YES_AGGRESSIVE;
				CLANG_WARN_UNREACHABLE_CODE = YES;
				CLANG_WARN__DUPLICATE_METHOD_MATCH = YES;
				COPY_PHASE_STRIP = NO;
				DEBUG_INFORMATION_FORMAT = "dwarf-with-dsym";
				ENABLE_NS_ASSERTIONS = NO;
				ENABLE_STRICT_OBJC_MSGSEND = YES;
				GCC_C_LANGUAGE_STANDARD = gnu11;
				GCC_NO_COMMON_BLOCKS = YES;
				GCC_WARN_64_TO_32_BIT_CONVERSION = YES;
				GCC_WARN_ABOUT_RETURN_TYPE = YES_ERROR;
				GCC_WARN_UNDECLARED_SELECTOR = YES;
				GCC_WARN_UNINITIALIZED_AUTOS = YES_AGGRESSIVE;
				GCC_WARN_UNUSED_FUNCTION = YES;
				GCC_WARN_UNUSED_VARIABLE = YES;
				IPHONEOS_DEPLOYMENT_TARGET = 12.0;
				MTL_ENABLE_DEBUG_INFO = NO;
				MTL_FAST_MATH = YES;
				SDKROOT = iphoneos;
				SWIFT_COMPILATION_MODE = wholemodule;
				SWIFT_OPTIMIZATION_LEVEL = "-O";
				VALIDATE_PRODUCT = YES;
			};
			name = Release;
		};
		5710DCA724EF143A00A714EE /* Debug */ = {
			isa = XCBuildConfiguration;
			baseConfigurationReference = 313E143D37A9D081012C7C7F /* Pods-Test.debug.xcconfig */;
			buildSettings = {
				ASSETCATALOG_COMPILER_APPICON_NAME = AppIcon;
				CODE_SIGN_STYLE = Automatic;
				DEVELOPMENT_TEAM = CDJ4RL6V3L;
				INFOPLIST_FILE = Test/Info.plist;
				LD_RUNPATH_SEARCH_PATHS = (
					"$(inherited)",
					"@executable_path/Frameworks",
				);
				PRODUCT_BUNDLE_IDENTIFIER = ru.tasya.Test;
				PRODUCT_NAME = "$(TARGET_NAME)";
				SWIFT_VERSION = 5.0;
				TARGETED_DEVICE_FAMILY = "1,2";
			};
			name = Debug;
		};
		5710DCA824EF143A00A714EE /* Release */ = {
			isa = XCBuildConfiguration;
			baseConfigurationReference = 96A64E18520107659AA4163C /* Pods-Test.release.xcconfig */;
			buildSettings = {
				ASSETCATALOG_COMPILER_APPICON_NAME = AppIcon;
				CODE_SIGN_STYLE = Automatic;
				DEVELOPMENT_TEAM = CDJ4RL6V3L;
				INFOPLIST_FILE = Test/Info.plist;
				LD_RUNPATH_SEARCH_PATHS = (
					"$(inherited)",
					"@executable_path/Frameworks",
				);
				PRODUCT_BUNDLE_IDENTIFIER = ru.tasya.Test;
				PRODUCT_NAME = "$(TARGET_NAME)";
				SWIFT_VERSION = 5.0;
				TARGETED_DEVICE_FAMILY = "1,2";
			};
			name = Release;
		};
/* End XCBuildConfiguration section */

/* Begin XCConfigurationList section */
		5710DC8D24EF143700A714EE /* Build configuration list for PBXProject "Test" */ = {
			isa = XCConfigurationList;
			buildConfigurations = (
				5710DCA424EF143A00A714EE /* Debug */,
				5710DCA524EF143A00A714EE /* Release */,
			);
			defaultConfigurationIsVisible = 0;
			defaultConfigurationName = Release;
		};
		5710DCA624EF143A00A714EE /* Build configuration list for PBXNativeTarget "Test" */ = {
			isa = XCConfigurationList;
			buildConfigurations = (
				5710DCA724EF143A00A714EE /* Debug */,
				5710DCA824EF143A00A714EE /* Release */,
			);
			defaultConfigurationIsVisible = 0;
			defaultConfigurationName = Release;
		};
/* End XCConfigurationList section */
	};
	rootObject = 5710DC8A24EF143700A714EE /* Project object */;
}
